{
  "name": "data-gatherer",
  "version": "1.0.0",
  "lockfileVersion": 1,
  "requires": true,
  "dependencies": {
    "dayjs": {
      "version": "1.8.22",
      "resolved": "https://registry.npmjs.org/dayjs/-/dayjs-1.8.22.tgz",
      "integrity": "sha512-N8IXfxBD62Y9cKTuuuSoOlCXRnnzaTj1vu91r855iq6FbY5cZqOZnW/95nUn6kJiR+W9PHHrLykEoQOe6fUKxQ=="
    },
    "fs": {
      "version": "0.0.1-security",
      "resolved": "https://registry.npmjs.org/fs/-/fs-0.0.1-security.tgz",
      "integrity": "sha1-invTcYa23d84E/I4WLV+yq9eQdQ="
    },
    "node-fetch": {
      "version": "2.6.0",
      "resolved": "https://registry.npmjs.org/node-fetch/-/node-fetch-2.6.0.tgz",
      "integrity": "sha512-8dG4H5ujfvFiqDmVu9fQ5bOHUC15JMjMY/Zumv26oOvvVJjM67KF8koCWIabKQ1GJIa9r2mMZscBq/TbdOcmNA=="
    }
  }
}
